
Microsoft Visual Studio Solution File, Format Version 12.00
# Visual Studio Version 17
VisualStudioVersion = 17.10.35122.118
MinimumVisualStudioVersion = 10.0.40219.1
Project("{FAE04EC0-301F-11D3-BF4B-00C04F79EFBC}") = "Fornecedores", "Fornecedores\Fornecedores.csproj", "{A89F3CC1-3EDA-4EE9-AB06-5991B0158DF9}"
EndProject
Global
	GlobalSection(SolutionConfigurationPlatforms) = preSolution
		Debug|Any CPU = Debug|Any CPU
		Release|Any CPU = Release|Any CPU
	EndGlobalSection
	GlobalSection(ProjectConfigurationPlatforms) = postSolution
		{A89F3CC1-3EDA-4EE9-AB06-5991B0158DF9}.Debug|Any CPU.ActiveCfg = Debug|Any CPU
		{A89F3CC1-3EDA-4EE9-AB06-5991B0158DF9}.Debug|Any CPU.Build.0 = Debug|Any CPU
		{A89F3CC1-3EDA-4EE9-AB06-5991B0158DF9}.Release|Any CPU.ActiveCfg = Release|Any CPU
		{A89F3CC1-3EDA-4EE9-AB06-5991B0158DF9}.Release|Any CPU.Build.0 = Release|Any CPU
	EndGlobalSection
	GlobalSection(SolutionProperties) = preSolution
		HideSolutionNode = FALSE
	EndGlobalSection
	GlobalSection(ExtensibilityGlobals) = postSolution
		SolutionGuid = {15ED2425-A7C7-4214-9E33-54CEAF6B60F3}
	EndGlobalSection
EndGlobal
